
Microsoft Visual Studio Solution File, Format Version 11.00
# Visual Studio 2010
Project("{FAE04EC0-301F-11D3-BF4B-00C04F79EFBC}") = "JounceApplication", "Jounce\JounceApplication.csproj", "{EE2A4B9C-8669-4260-8DFB-00875DF26EE9}"
EndProject
Project("{FAE04EC0-301F-11D3-BF4B-00C04F79EFBC}") = "Jounce.Web", "Jounce.Web\Jounce.Web.csproj", "{9BAABD04-CAF0-4A18-8743-2872486C8A6C}"
EndProject
Project("{FAE04EC0-301F-11D3-BF4B-00C04F79EFBC}") = "Jounce", "Jounce.Core\Jounce.csproj", "{B981528B-2608-499A-9088-985E6B351F6B}"
EndProject
Global
	GlobalSection(TeamFoundationVersionControl) = preSolution
		SccNumberOfProjects = 4
		SccEnterpriseProvider = {4CA58AB2-18FA-4F8D-95D4-32DDF27D184C}
		SccTeamFoundationServer = https://tfs.codeplex.com/tfs/tfs04
		SccLocalPath0 = .
		SccProjectUniqueName1 = Jounce.Web\\Jounce.Web.csproj
		SccProjectName1 = Jounce.Web
		SccLocalPath1 = Jounce.Web
		SccProjectUniqueName2 = Jounce\\JounceApplication.csproj
		SccProjectName2 = Jounce
		SccLocalPath2 = Jounce
		SccProjectUniqueName3 = Jounce.Core\\Jounce.csproj
		SccProjectName3 = Jounce.Core
		SccLocalPath3 = Jounce.Core
	EndGlobalSection
	GlobalSection(SolutionConfigurationPlatforms) = preSolution
		Debug|Any CPU = Debug|Any CPU
		Release|Any CPU = Release|Any CPU
	EndGlobalSection
	GlobalSection(ProjectConfigurationPlatforms) = postSolution
		{EE2A4B9C-8669-4260-8DFB-00875DF26EE9}.Debug|Any CPU.ActiveCfg = Debug|Any CPU
		{EE2A4B9C-8669-4260-8DFB-00875DF26EE9}.Debug|Any CPU.Build.0 = Debug|Any CPU
		{EE2A4B9C-8669-4260-8DFB-00875DF26EE9}.Release|Any CPU.ActiveCfg = Release|Any CPU
		{EE2A4B9C-8669-4260-8DFB-00875DF26EE9}.Release|Any CPU.Build.0 = Release|Any CPU
		{9BAABD04-CAF0-4A18-8743-2872486C8A6C}.Debug|Any CPU.ActiveCfg = Debug|Any CPU
		{9BAABD04-CAF0-4A18-8743-2872486C8A6C}.Debug|Any CPU.Build.0 = Debug|Any CPU
		{9BAABD04-CAF0-4A18-8743-2872486C8A6C}.Release|Any CPU.ActiveCfg = Release|Any CPU
		{9BAABD04-CAF0-4A18-8743-2872486C8A6C}.Release|Any CPU.Build.0 = Release|Any CPU
		{B981528B-2608-499A-9088-985E6B351F6B}.Debug|Any CPU.ActiveCfg = Debug|Any CPU
		{B981528B-2608-499A-9088-985E6B351F6B}.Debug|Any CPU.Build.0 = Debug|Any CPU
		{B981528B-2608-499A-9088-985E6B351F6B}.Release|Any CPU.ActiveCfg = Release|Any CPU
		{B981528B-2608-499A-9088-985E6B351F6B}.Release|Any CPU.Build.0 = Release|Any CPU
	EndGlobalSection
	GlobalSection(SolutionProperties) = preSolution
		HideSolutionNode = FALSE
	EndGlobalSection
EndGlobal
