
Microsoft Visual Studio Solution File, Format Version 12.00
# Visual Studio 2012
Project("{2150E333-8FDC-42A3-9474-1A3956D46DE8}") = "QuickStarts", "QuickStarts", "{854DEA7B-D86C-44E6-A3F5-E3B1BA2385B4}"
EndProject
Project("{FAE04EC0-301F-11D3-BF4B-00C04F79EFBC}") = "Jounce.Silverlight5", "Jounce.Silverlight5\Jounce.Silverlight5.csproj", "{51E06FF4-B2BC-4D26-8646-2315BC691430}"
EndProject
Project("{FAE04EC0-301F-11D3-BF4B-00C04F79EFBC}") = "SilverlightApplication", "SilverlightApplication\SilverlightApplication.csproj", "{1C65EF23-0BF4-4C99-84C8-D3406A4ED6BE}"
EndProject
Project("{FAE04EC0-301F-11D3-BF4B-00C04F79EFBC}") = "Jounce.Tests", "Jounce.Tests\Jounce.Tests.csproj", "{EC54A3EB-7D80-48F8-8CAF-3771C0B99BFE}"
EndProject
Project("{FAE04EC0-301F-11D3-BF4B-00C04F79EFBC}") = "QuickStarts.Web", "QuickStarts.Web\QuickStarts.Web.csproj", "{D6C183C9-7D6D-4AD0-9624-000169E8A7CE}"
EndProject
Project("{FAE04EC0-301F-11D3-BF4B-00C04F79EFBC}") = "Workflow", "Workflow\Workflow.csproj", "{EA03F0B8-DD9E-4A2B-A4D6-7BDDDDB15BA8}"
EndProject
Project("{FAE04EC0-301F-11D3-BF4B-00C04F79EFBC}") = "VSMAggregator", "VSMAggregator\VSMAggregator.csproj", "{6694C6CB-AEAB-43E6-9B5D-677CEF7AF9E0}"
EndProject
Project("{FAE04EC0-301F-11D3-BF4B-00C04F79EFBC}") = "SimpleNavigationWithRegion", "SimpleNavigationWithRegion\SimpleNavigationWithRegion.csproj", "{05C65CE6-334B-4EA7-A753-E88B759E26CB}"
EndProject
Project("{FAE04EC0-301F-11D3-BF4B-00C04F79EFBC}") = "Jounce.Wpf", "Jounce.Wpf\Jounce.Wpf.csproj", "{D502BF65-0A75-4969-BDF1-662A60CF2E83}"
EndProject
Project("{FAE04EC0-301F-11D3-BF4B-00C04F79EFBC}") = "QuickStarts.Wpf", "QuickStarts.Wpf\QuickStarts.Wpf.csproj", "{F57F3E4F-670B-4ECC-B88D-82D6479B607D}"
EndProject
Project("{FAE04EC0-301F-11D3-BF4B-00C04F79EFBC}") = "WpfApplication", "WpfApplication\WpfApplication.csproj", "{260386D0-EBED-4CD1-A1E3-EAD70F8749E2}"
EndProject
Global
	GlobalSection(TeamFoundationVersionControl) = preSolution
		SccNumberOfProjects = 11
		SccEnterpriseProvider = {4CA58AB2-18FA-4F8D-95D4-32DDF27D184C}
		SccTeamFoundationServer = https://tfs.codeplex.com/tfs/tfs04
		SccLocalPath0 = .
		SccProjectUniqueName1 = Jounce.Silverlight5\\Jounce.Silverlight5.csproj
		SccProjectName1 = Jounce.Silverlight5
		SccLocalPath1 = Jounce.Silverlight5
		SccProjectUniqueName2 = SilverlightApplication\\SilverlightApplication.csproj
		SccProjectName2 = SilverlightApplication
		SccLocalPath2 = SilverlightApplication
		SccProjectUniqueName3 = Jounce.Tests\\Jounce.Tests.csproj
		SccProjectName3 = Jounce.Tests
		SccLocalPath3 = Jounce.Tests
		SccProjectUniqueName4 = QuickStarts.Web\\QuickStarts.Web.csproj
		SccProjectTopLevelParentUniqueName4 = JounceSln.sln
		SccProjectName4 = QuickStarts.Web
		SccLocalPath4 = QuickStarts.Web
		SccProjectUniqueName5 = Workflow\\Workflow.csproj
		SccProjectTopLevelParentUniqueName5 = JounceSln.sln
		SccProjectName5 = Workflow
		SccLocalPath5 = Workflow
		SccProjectUniqueName6 = VSMAggregator\\VSMAggregator.csproj
		SccProjectTopLevelParentUniqueName6 = JounceSln.sln
		SccProjectName6 = VSMAggregator
		SccLocalPath6 = VSMAggregator
		SccProjectUniqueName7 = SimpleNavigationWithRegion\\SimpleNavigationWithRegion.csproj
		SccProjectTopLevelParentUniqueName7 = JounceSln.sln
		SccProjectName7 = SimpleNavigationWithRegion
		SccLocalPath7 = SimpleNavigationWithRegion
		SccProjectUniqueName8 = Jounce.Wpf\\Jounce.Wpf.csproj
		SccProjectName8 = Jounce.Wpf
		SccLocalPath8 = Jounce.Wpf
		SccProjectUniqueName9 = QuickStarts.Wpf\\QuickStarts.Wpf.csproj
		SccProjectTopLevelParentUniqueName9 = JounceSln.sln
		SccProjectName9 = QuickStarts.Wpf
		SccLocalPath9 = QuickStarts.Wpf
		SccProjectUniqueName10 = WpfApplication\\WpfApplication.csproj
		SccProjectName10 = WpfApplication
		SccLocalPath10 = WpfApplication
	EndGlobalSection
	GlobalSection(SolutionConfigurationPlatforms) = preSolution
		Debug|Any CPU = Debug|Any CPU
		Release|Any CPU = Release|Any CPU
	EndGlobalSection
	GlobalSection(ProjectConfigurationPlatforms) = postSolution
		{51E06FF4-B2BC-4D26-8646-2315BC691430}.Debug|Any CPU.ActiveCfg = Debug|Any CPU
		{51E06FF4-B2BC-4D26-8646-2315BC691430}.Debug|Any CPU.Build.0 = Debug|Any CPU
		{51E06FF4-B2BC-4D26-8646-2315BC691430}.Release|Any CPU.ActiveCfg = Release|Any CPU
		{51E06FF4-B2BC-4D26-8646-2315BC691430}.Release|Any CPU.Build.0 = Release|Any CPU
		{1C65EF23-0BF4-4C99-84C8-D3406A4ED6BE}.Debug|Any CPU.ActiveCfg = Debug|Any CPU
		{1C65EF23-0BF4-4C99-84C8-D3406A4ED6BE}.Debug|Any CPU.Build.0 = Debug|Any CPU
		{1C65EF23-0BF4-4C99-84C8-D3406A4ED6BE}.Release|Any CPU.ActiveCfg = Release|Any CPU
		{1C65EF23-0BF4-4C99-84C8-D3406A4ED6BE}.Release|Any CPU.Build.0 = Release|Any CPU
		{EC54A3EB-7D80-48F8-8CAF-3771C0B99BFE}.Debug|Any CPU.ActiveCfg = Debug|Any CPU
		{EC54A3EB-7D80-48F8-8CAF-3771C0B99BFE}.Debug|Any CPU.Build.0 = Debug|Any CPU
		{EC54A3EB-7D80-48F8-8CAF-3771C0B99BFE}.Release|Any CPU.ActiveCfg = Release|Any CPU
		{EC54A3EB-7D80-48F8-8CAF-3771C0B99BFE}.Release|Any CPU.Build.0 = Release|Any CPU
		{D6C183C9-7D6D-4AD0-9624-000169E8A7CE}.Debug|Any CPU.ActiveCfg = Debug|Any CPU
		{D6C183C9-7D6D-4AD0-9624-000169E8A7CE}.Debug|Any CPU.Build.0 = Debug|Any CPU
		{D6C183C9-7D6D-4AD0-9624-000169E8A7CE}.Release|Any CPU.ActiveCfg = Release|Any CPU
		{D6C183C9-7D6D-4AD0-9624-000169E8A7CE}.Release|Any CPU.Build.0 = Release|Any CPU
		{EA03F0B8-DD9E-4A2B-A4D6-7BDDDDB15BA8}.Debug|Any CPU.ActiveCfg = Debug|Any CPU
		{EA03F0B8-DD9E-4A2B-A4D6-7BDDDDB15BA8}.Debug|Any CPU.Build.0 = Debug|Any CPU
		{EA03F0B8-DD9E-4A2B-A4D6-7BDDDDB15BA8}.Release|Any CPU.ActiveCfg = Release|Any CPU
		{EA03F0B8-DD9E-4A2B-A4D6-7BDDDDB15BA8}.Release|Any CPU.Build.0 = Release|Any CPU
		{6694C6CB-AEAB-43E6-9B5D-677CEF7AF9E0}.Debug|Any CPU.ActiveCfg = Debug|Any CPU
		{6694C6CB-AEAB-43E6-9B5D-677CEF7AF9E0}.Debug|Any CPU.Build.0 = Debug|Any CPU
		{6694C6CB-AEAB-43E6-9B5D-677CEF7AF9E0}.Release|Any CPU.ActiveCfg = Release|Any CPU
		{6694C6CB-AEAB-43E6-9B5D-677CEF7AF9E0}.Release|Any CPU.Build.0 = Release|Any CPU
		{05C65CE6-334B-4EA7-A753-E88B759E26CB}.Debug|Any CPU.ActiveCfg = Debug|Any CPU
		{05C65CE6-334B-4EA7-A753-E88B759E26CB}.Debug|Any CPU.Build.0 = Debug|Any CPU
		{05C65CE6-334B-4EA7-A753-E88B759E26CB}.Release|Any CPU.ActiveCfg = Release|Any CPU
		{05C65CE6-334B-4EA7-A753-E88B759E26CB}.Release|Any CPU.Build.0 = Release|Any CPU
		{D502BF65-0A75-4969-BDF1-662A60CF2E83}.Debug|Any CPU.ActiveCfg = Debug|Any CPU
		{D502BF65-0A75-4969-BDF1-662A60CF2E83}.Debug|Any CPU.Build.0 = Debug|Any CPU
		{D502BF65-0A75-4969-BDF1-662A60CF2E83}.Release|Any CPU.ActiveCfg = Release|Any CPU
		{D502BF65-0A75-4969-BDF1-662A60CF2E83}.Release|Any CPU.Build.0 = Release|Any CPU
		{F57F3E4F-670B-4ECC-B88D-82D6479B607D}.Debug|Any CPU.ActiveCfg = Debug|Any CPU
		{F57F3E4F-670B-4ECC-B88D-82D6479B607D}.Debug|Any CPU.Build.0 = Debug|Any CPU
		{F57F3E4F-670B-4ECC-B88D-82D6479B607D}.Release|Any CPU.ActiveCfg = Release|Any CPU
		{F57F3E4F-670B-4ECC-B88D-82D6479B607D}.Release|Any CPU.Build.0 = Release|Any CPU
		{260386D0-EBED-4CD1-A1E3-EAD70F8749E2}.Debug|Any CPU.ActiveCfg = Debug|Any CPU
		{260386D0-EBED-4CD1-A1E3-EAD70F8749E2}.Debug|Any CPU.Build.0 = Debug|Any CPU
		{260386D0-EBED-4CD1-A1E3-EAD70F8749E2}.Release|Any CPU.ActiveCfg = Release|Any CPU
		{260386D0-EBED-4CD1-A1E3-EAD70F8749E2}.Release|Any CPU.Build.0 = Release|Any CPU
	EndGlobalSection
	GlobalSection(SolutionProperties) = preSolution
		HideSolutionNode = FALSE
	EndGlobalSection
	GlobalSection(NestedProjects) = preSolution
		{D6C183C9-7D6D-4AD0-9624-000169E8A7CE} = {854DEA7B-D86C-44E6-A3F5-E3B1BA2385B4}
		{EA03F0B8-DD9E-4A2B-A4D6-7BDDDDB15BA8} = {854DEA7B-D86C-44E6-A3F5-E3B1BA2385B4}
		{6694C6CB-AEAB-43E6-9B5D-677CEF7AF9E0} = {854DEA7B-D86C-44E6-A3F5-E3B1BA2385B4}
		{05C65CE6-334B-4EA7-A753-E88B759E26CB} = {854DEA7B-D86C-44E6-A3F5-E3B1BA2385B4}
		{F57F3E4F-670B-4ECC-B88D-82D6479B607D} = {854DEA7B-D86C-44E6-A3F5-E3B1BA2385B4}
	EndGlobalSection
EndGlobal
